<?xml version="1.0" encoding="utf-8"?>
<Project ToolsVersion="4.0" xmlns="http://schemas.microsoft.com/developer/msbuild/2003">
  <ItemGroup>
    <Filter Include="Core">
      <UniqueIdentifier>{2EB4837C-1AEB-840D-C3D7-6A10AFED000F}</UniqueIdentifier>
    </Filter>
    <Filter Include="File">
      <UniqueIdentifier>{053F857C-F175-860D-9A62-6C108678020F}</UniqueIdentifier>
    </Filter>
    <Filter Include="Runtime">
      <UniqueIdentifier>{4995DAC4-B574-5960-BE8C-E4362AEBBFC1}</UniqueIdentifier>
    </Filter>
    <Filter Include="Runtime\Core">
      <UniqueIdentifier>{416F811B-2DD2-10C0-D657-4976C299DC42}</UniqueIdentifier>
    </Filter>
    <Filter Include="Runtime\Core\Template">
      <UniqueIdentifier>{6CA3D385-D80F-8F80-A103-27DE0D2FB1E8}</UniqueIdentifier>
    </Filter>
    <Filter Include="Runtime\D3D12RHI">
      <UniqueIdentifier>{9949F743-8542-1696-AE74-FB1A9ACCF5A1}</UniqueIdentifier>
    </Filter>
    <Filter Include="Runtime\DataStruct">
      <UniqueIdentifier>{97FE0818-83E2-C96D-EC42-C4C0D845B4EF}</UniqueIdentifier>
    </Filter>
    <Filter Include="Runtime\Engine">
      <UniqueIdentifier>{AE932C06-9A61-200C-83F5-90326F62FC70}</UniqueIdentifier>
    </Filter>
    <Filter Include="Runtime\Engine\ShaderCompiler">
      <UniqueIdentifier>{CFE73D60-3B00-258A-04AD-B4237084B923}</UniqueIdentifier>
    </Filter>
    <Filter Include="Runtime\HAL">
      <UniqueIdentifier>{8D12612F-F9C7-D924-82BC-D3FBEE70D028}</UniqueIdentifier>
    </Filter>
    <Filter Include="Runtime\RHI">
      <UniqueIdentifier>{FB3D612F-67F3-D924-F0E7-D3FB5C9CD028}</UniqueIdentifier>
    </Filter>
    <Filter Include="Runtime\RHI\Windows">
      <UniqueIdentifier>{35B35E63-A114-3C71-2A82-822396E27230}</UniqueIdentifier>
    </Filter>
    <Filter Include="Runtime\RenderCore">
      <UniqueIdentifier>{4138B1A9-2D1C-72FF-967C-6C52827F5C81}</UniqueIdentifier>
    </Filter>
    <Filter Include="UnitTest">
      <UniqueIdentifier>{E5A465FE-D171-C009-FA8A-AEB1E6B6F597}</UniqueIdentifier>
    </Filter>
  </ItemGroup>
  <ItemGroup>
    <ClInclude Include="ThirdParty\stb_image.h">
      <Filter>File</Filter>
    </ClInclude>
    <ClInclude Include="FrameResource.h" />
    <ClInclude Include="Runtime\Core\Template\XEngineTemplate.h">
      <Filter>Runtime\Core\Template</Filter>
    </ClInclude>
    <ClInclude Include="Runtime\Core\XMath.h">
      <Filter>Runtime\Core</Filter>
    </ClInclude>
    <ClInclude Include="Runtime\D3D12RHI\D3D12AbstractDevice.h">
      <Filter>Runtime\D3D12RHI</Filter>
    </ClInclude>
    <ClInclude Include="Runtime\D3D12RHI\D3D12Adapter.h">
      <Filter>Runtime\D3D12RHI</Filter>
    </ClInclude>
    <ClInclude Include="Runtime\D3D12RHI\D3D12Allocation.h">
      <Filter>Runtime\D3D12RHI</Filter>
    </ClInclude>
    <ClInclude Include="Runtime\D3D12RHI\D3D12CommandList.h">
      <Filter>Runtime\D3D12RHI</Filter>
    </ClInclude>
    <ClInclude Include="Runtime\D3D12RHI\D3D12CommandQueue.h">
      <Filter>Runtime\D3D12RHI</Filter>
    </ClInclude>
    <ClInclude Include="Runtime\D3D12RHI\D3D12Common.h">
      <Filter>Runtime\D3D12RHI</Filter>
    </ClInclude>
    <ClInclude Include="Runtime\D3D12RHI\D3D12Context.h">
      <Filter>Runtime\D3D12RHI</Filter>
    </ClInclude>
    <ClInclude Include="Runtime\D3D12RHI\D3D12DescriptorArray.h">
      <Filter>Runtime\D3D12RHI</Filter>
    </ClInclude>
    <ClInclude Include="Runtime\D3D12RHI\D3D12PassStateManager.h">
      <Filter>Runtime\D3D12RHI</Filter>
    </ClInclude>
    <ClInclude Include="Runtime\D3D12RHI\D3D12PhysicDevice.h">
      <Filter>Runtime\D3D12RHI</Filter>
    </ClInclude>
    <ClInclude Include="Runtime\D3D12RHI\D3D12OnlineDescArray.h">
      <Filter>Runtime\D3D12RHI</Filter>
    </ClInclude>
    <ClInclude Include="Runtime\D3D12RHI\D3D12OnlineDescArrayManager.h">
      <Filter>Runtime\D3D12RHI</Filter>
    </ClInclude>
    <ClInclude Include="Runtime\D3D12RHI\D3D12PlatformRHI.h">
      <Filter>Runtime\D3D12RHI</Filter>
    </ClInclude>
    <ClInclude Include="Runtime\D3D12RHI\D3D12Resource.h">
      <Filter>Runtime\D3D12RHI</Filter>
    </ClInclude>
    <ClInclude Include="Runtime\D3D12RHI\D3D12Rootsignature.h">
      <Filter>Runtime\D3D12RHI</Filter>
    </ClInclude>
    <ClInclude Include="Runtime\D3D12RHI\D3D12Shader.h">
      <Filter>Runtime\D3D12RHI</Filter>
    </ClInclude>
    <ClInclude Include="Runtime\D3D12RHI\D3D12State.h">
      <Filter>Runtime\D3D12RHI</Filter>
    </ClInclude>
    <ClInclude Include="Runtime\D3D12RHI\D3D12Texture.h">
      <Filter>Runtime\D3D12RHI</Filter>
    </ClInclude>
    <ClInclude Include="Runtime\D3D12RHI\D3D12View.h">
      <Filter>Runtime\D3D12RHI</Filter>
    </ClInclude>
    <ClInclude Include="Runtime\D3D12RHI\D3D12Viewport.h">
      <Filter>Runtime\D3D12RHI</Filter>
    </ClInclude>
    <ClInclude Include="Runtime\D3D12RHI\d3dx12.h">
      <Filter>Runtime\D3D12RHI</Filter>
    </ClInclude>
    <ClInclude Include="Runtime\DataStruct\XRefCountPtr.h">
      <Filter>Runtime\DataStruct</Filter>
    </ClInclude>
    <ClInclude Include="Runtime\Engine\SceneView.h">
      <Filter>Runtime\Engine</Filter>
    </ClInclude>
    <ClInclude Include="Runtime\Engine\ShaderCompiler\ShaderCompiler.h">
      <Filter>Runtime\Engine\ShaderCompiler</Filter>
    </ClInclude>
    <ClInclude Include="Runtime\HAL\Mch.h">
      <Filter>Runtime\HAL</Filter>
    </ClInclude>
    <ClInclude Include="Runtime\HAL\PlatformTypes.h">
      <Filter>Runtime\HAL</Filter>
    </ClInclude>
    <ClInclude Include="Runtime\RHI\PipelineStateCache.h">
      <Filter>Runtime\RHI</Filter>
    </ClInclude>
    <ClInclude Include="Runtime\RHI\PlatformRHI.h">
      <Filter>Runtime\RHI</Filter>
    </ClInclude>
    <ClInclude Include="Runtime\RHI\RHI.h">
      <Filter>Runtime\RHI</Filter>
    </ClInclude>
    <ClInclude Include="Runtime\RHI\RHICommandList.h">
      <Filter>Runtime\RHI</Filter>
    </ClInclude>
    <ClInclude Include="Runtime\RHI\RHIContext.h">
      <Filter>Runtime\RHI</Filter>
    </ClInclude>
    <ClInclude Include="Runtime\RHI\RHIDefines.h">
      <Filter>Runtime\RHI</Filter>
    </ClInclude>
    <ClInclude Include="Runtime\RHI\RHIResource.h">
      <Filter>Runtime\RHI</Filter>
    </ClInclude>
    <ClInclude Include="Runtime\RHI\RHIStaticStates.h">
      <Filter>Runtime\RHI</Filter>
    </ClInclude>
    <ClInclude Include="Runtime\RenderCore\GlobalShader.h">
      <Filter>Runtime\RenderCore</Filter>
    </ClInclude>
    <ClInclude Include="Runtime\RenderCore\RenderResource.h">
      <Filter>Runtime\RenderCore</Filter>
    </ClInclude>
    <ClInclude Include="Runtime\RenderCore\Shader.h">
      <Filter>Runtime\RenderCore</Filter>
    </ClInclude>
    <ClInclude Include="Runtime\RenderCore\ShaderCore.h">
      <Filter>Runtime\RenderCore</Filter>
    </ClInclude>
    <ClInclude Include="UnitTest\GameTimer.h">
      <Filter>UnitTest</Filter>
    </ClInclude>
    <ClInclude Include="UnitTest\GeometryGenerator.h">
      <Filter>UnitTest</Filter>
    </ClInclude>
    <ClInclude Include="UnitTest\MathHelper.h">
      <Filter>UnitTest</Filter>
    </ClInclude>
    <ClInclude Include="UnitTest\d3dApp.h">
      <Filter>UnitTest</Filter>
    </ClInclude>
    <ClInclude Include="UnitTest\d3dUtil.h">
      <Filter>UnitTest</Filter>
    </ClInclude>
    <ClInclude Include="Runtime\Core\PixelFormat.h" />
    <ClInclude Include="Runtime\D3D12RHI\D3D12PipelineState.h" />
    <ClInclude Include="Runtime\D3D12RHI\D3D12PipelineLibrary.h" />
    <ClInclude Include="Runtime\RenderCore\ShaderParameter.h" />
    <ClInclude Include="Runtime\Render\SceneRendering.h" />
    <ClInclude Include="Runtime\RenderCore\CommonRenderRresource.h" />
    <ClInclude Include="Runtime\Core\Math\SimpleMath.h" />
    <ClInclude Include="Runtime\Core\Math\Math.h" />
    <ClInclude Include="Runtime\Core\Math\Matrix.h" />
    <ClInclude Include="Runtime\Engine\Material\MaterialShared.h" />
    <ClInclude Include="Runtime\Core\ResourceCreateDataInterface.h" />
    <ClInclude Include="Runtime\Render\BasePassRendering.h" />
    <ClInclude Include="Runtime\Render\MeshMaterialShader.h" />
    <ClInclude Include="Runtime\Render\MaterialShader.h" />
    <ClInclude Include="Runtime\Engine\Classes\EngineTypes.h" />
    <ClInclude Include="Runtime\Engine\Material\MaterialShaderMapSet.h" />
    <ClInclude Include="Runtime\Render\MeshPassProcessor.h" />
    <ClInclude Include="Runtime\RenderCore\VertexFactory.h" />
  </ItemGroup>
  <ItemGroup>
    <ClCompile Include="CrateApp.cpp" />
    <ClCompile Include="Runtime\Core\XMath.cpp">
      <Filter>Runtime\Core</Filter>
    </ClCompile>
    <ClCompile Include="Runtime\D3D12RHI\D3D12AbstractDevice.cpp">
      <Filter>Runtime\D3D12RHI</Filter>
    </ClCompile>
    <ClCompile Include="Runtime\D3D12RHI\D3D12Adapter.cpp">
      <Filter>Runtime\D3D12RHI</Filter>
    </ClCompile>
    <ClCompile Include="Runtime\D3D12RHI\D3D12Allocation.cpp">
      <Filter>Runtime\D3D12RHI</Filter>
    </ClCompile>
    <ClCompile Include="Runtime\D3D12RHI\D3D12CommandList.cpp">
      <Filter>Runtime\D3D12RHI</Filter>
    </ClCompile>
    <ClCompile Include="Runtime\D3D12RHI\D3D12CommandQueue.cpp">
      <Filter>Runtime\D3D12RHI</Filter>
    </ClCompile>
    <ClCompile Include="Runtime\D3D12RHI\D3D12Context.cpp">
      <Filter>Runtime\D3D12RHI</Filter>
    </ClCompile>
    <ClCompile Include="Runtime\D3D12RHI\D3D12DescriptorArray.cpp">
      <Filter>Runtime\D3D12RHI</Filter>
    </ClCompile>
    <ClCompile Include="Runtime\D3D12RHI\D3D12PassStateManager.cpp">
      <Filter>Runtime\D3D12RHI</Filter>
    </ClCompile>
    <ClCompile Include="Runtime\D3D12RHI\D3D12PhysicDevice.cpp">
      <Filter>Runtime\D3D12RHI</Filter>
    </ClCompile>
    <ClCompile Include="Runtime\D3D12RHI\D3D12OnlineDescArray.cpp">
      <Filter>Runtime\D3D12RHI</Filter>
    </ClCompile>
    <ClCompile Include="Runtime\D3D12RHI\D3D12OnlineDescArrayManager.cpp">
      <Filter>Runtime\D3D12RHI</Filter>
    </ClCompile>
    <ClCompile Include="Runtime\D3D12RHI\D3D12Resource.cpp">
      <Filter>Runtime\D3D12RHI</Filter>
    </ClCompile>
    <ClCompile Include="Runtime\D3D12RHI\D3D12Rootsignature.cpp">
      <Filter>Runtime\D3D12RHI</Filter>
    </ClCompile>
    <ClCompile Include="Runtime\D3D12RHI\D3D12Shader.cpp">
      <Filter>Runtime\D3D12RHI</Filter>
    </ClCompile>
    <ClCompile Include="Runtime\D3D12RHI\D3D12State.cpp">
      <Filter>Runtime\D3D12RHI</Filter>
    </ClCompile>
    <ClCompile Include="Runtime\D3D12RHI\D3D12VertexDeclaration.cpp">
      <Filter>Runtime\D3D12RHI</Filter>
    </ClCompile>
    <ClCompile Include="Runtime\D3D12RHI\D3D12Viewport.cpp">
      <Filter>Runtime\D3D12RHI</Filter>
    </ClCompile>
    <ClCompile Include="Runtime\Engine\SceneView.cpp">
      <Filter>Runtime\Engine</Filter>
    </ClCompile>
    <ClCompile Include="Runtime\Engine\ShaderCompiler\ShaderCompiler.cpp">
      <Filter>Runtime\Engine\ShaderCompiler</Filter>
    </ClCompile>
    <ClCompile Include="Runtime\RHI\PipelineStateCache.cpp">
      <Filter>Runtime\RHI</Filter>
    </ClCompile>
    <ClCompile Include="Runtime\RHI\PlatformRHI.cpp">
      <Filter>Runtime\RHI</Filter>
    </ClCompile>
    <ClCompile Include="Runtime\RHI\Windows\WindowsRHI.cpp">
      <Filter>Runtime\RHI\Windows</Filter>
    </ClCompile>
    <ClCompile Include="Runtime\RenderCore\GlobalShader.cpp">
      <Filter>Runtime\RenderCore</Filter>
    </ClCompile>
    <ClCompile Include="Runtime\RenderCore\RenderResource.cpp">
      <Filter>Runtime\RenderCore</Filter>
    </ClCompile>
    <ClCompile Include="Runtime\RenderCore\Shader.cpp">
      <Filter>Runtime\RenderCore</Filter>
    </ClCompile>
    <ClCompile Include="UnitTest\GameTimer.cpp">
      <Filter>UnitTest</Filter>
    </ClCompile>
    <ClCompile Include="UnitTest\GeometryGenerator.cpp">
      <Filter>UnitTest</Filter>
    </ClCompile>
    <ClCompile Include="UnitTest\MathHelper.cpp">
      <Filter>UnitTest</Filter>
    </ClCompile>
    <ClCompile Include="UnitTest\d3dApp.cpp">
      <Filter>UnitTest</Filter>
    </ClCompile>
    <ClCompile Include="UnitTest\d3dUtil.cpp">
      <Filter>UnitTest</Filter>
    </ClCompile>
    <ClCompile Include="Runtime\RHI\RHI.cpp" />
    <ClCompile Include="Runtime\D3D12RHI\D3D12PlatformRHI.cpp" />
    <ClCompile Include="Runtime\D3D12RHI\D3D12PipelineLibraryWindows.cpp" />
    <ClCompile Include="Runtime\RenderCore\ShaderParameter.cpp" />
    <ClCompile Include="Runtime\RenderCore\CommonRenderRresource.cpp" />
    <ClCompile Include="Runtime\Core\Math\SimpleMath.cpp" />
    <ClCompile Include="Runtime\Core\Math\Math.cpp" />
    <ClCompile Include="Runtime\Engine\Material\MaterialShared.cpp" />
    <ClCompile Include="Runtime\Engine\Material\MaterialShader.cpp" />
    <ClCompile Include="Runtime\D3D12RHI\D3D12VIBuffer.cpp" />
    <ClCompile Include="Runtime\D3D12RHI\D3D12Buffer.cpp" />
    <ClCompile Include="Runtime\RenderCore\VertexFactory.cpp" />
  </ItemGroup>
  <ItemGroup>
    <None Include="Runtime\Core\Math\SimpleMath.inl" />
  </ItemGroup>
</Project>